
Microsoft Visual Studio Solution File, Format Version 12.00
# Visual Studio Version 17
VisualStudioVersion = 17.14.36429.23 d17.14
MinimumVisualStudioVersion = 10.0.40219.1
Project("{FAE04EC0-301F-11D3-BF4B-00C04F79EFBC}") = "BankManagementSystem.Client", "BankManagementSystem.Client.csproj", "{97548C56-CCC6-480C-AD11-9C7BDD5BDC9B}"
EndProject
Global
	GlobalSection(SolutionConfigurationPlatforms) = preSolution
		Debug|Any CPU = Debug|Any CPU
		Release|Any CPU = Release|Any CPU
	EndGlobalSection
	GlobalSection(ProjectConfigurationPlatforms) = postSolution
		{97548C56-CCC6-480C-AD11-9C7BDD5BDC9B}.Debug|Any CPU.ActiveCfg = Debug|Any CPU
		{97548C56-CCC6-480C-AD11-9C7BDD5BDC9B}.Debug|Any CPU.Build.0 = Debug|Any CPU
		{97548C56-CCC6-480C-AD11-9C7BDD5BDC9B}.Release|Any CPU.ActiveCfg = Release|Any CPU
		{97548C56-CCC6-480C-AD11-9C7BDD5BDC9B}.Release|Any CPU.Build.0 = Release|Any CPU
	EndGlobalSection
	GlobalSection(SolutionProperties) = preSolution
		HideSolutionNode = FALSE
	EndGlobalSection
	GlobalSection(ExtensibilityGlobals) = postSolution
		SolutionGuid = {337CDC33-A431-42CA-BD5C-71B2E5CF4D06}
	EndGlobalSection
EndGlobal
