
Microsoft Visual Studio Solution File, Format Version 12.00
# Visual Studio Version 17
VisualStudioVersion = 17.14.36429.23 d17.14
MinimumVisualStudioVersion = 10.0.40219.1
Project("{FAE04EC0-301F-11D3-BF4B-00C04F79EFBC}") = "BankManagementSystem", "BankManagementSystem.csproj", "{796C1DB1-4B04-46D5-A29C-8597EEAEE015}"
EndProject
Project("{FAE04EC0-301F-11D3-BF4B-00C04F79EFBC}") = "BankManagementSystem.Entity", "..\BankManagementSystem.Entity\BankManagementSystem.Entity.csproj", "{AF4470AB-1C3E-4512-B0E1-AEBC4506A0D0}"
EndProject
Project("{FAE04EC0-301F-11D3-BF4B-00C04F79EFBC}") = "BankManagementSystem.Services", "..\BankManagementSystem.Services\BankManagementSystem.Services.csproj", "{765D1397-4B64-4D90-91D4-2BD067276C78}"
EndProject
Global
	GlobalSection(SolutionConfigurationPlatforms) = preSolution
		Debug|Any CPU = Debug|Any CPU
		Release|Any CPU = Release|Any CPU
	EndGlobalSection
	GlobalSection(ProjectConfigurationPlatforms) = postSolution
		{796C1DB1-4B04-46D5-A29C-8597EEAEE015}.Debug|Any CPU.ActiveCfg = Debug|Any CPU
		{796C1DB1-4B04-46D5-A29C-8597EEAEE015}.Debug|Any CPU.Build.0 = Debug|Any CPU
		{796C1DB1-4B04-46D5-A29C-8597EEAEE015}.Release|Any CPU.ActiveCfg = Release|Any CPU
		{796C1DB1-4B04-46D5-A29C-8597EEAEE015}.Release|Any CPU.Build.0 = Release|Any CPU
		{AF4470AB-1C3E-4512-B0E1-AEBC4506A0D0}.Debug|Any CPU.ActiveCfg = Debug|Any CPU
		{AF4470AB-1C3E-4512-B0E1-AEBC4506A0D0}.Debug|Any CPU.Build.0 = Debug|Any CPU
		{AF4470AB-1C3E-4512-B0E1-AEBC4506A0D0}.Release|Any CPU.ActiveCfg = Release|Any CPU
		{AF4470AB-1C3E-4512-B0E1-AEBC4506A0D0}.Release|Any CPU.Build.0 = Release|Any CPU
		{765D1397-4B64-4D90-91D4-2BD067276C78}.Debug|Any CPU.ActiveCfg = Debug|Any CPU
		{765D1397-4B64-4D90-91D4-2BD067276C78}.Debug|Any CPU.Build.0 = Debug|Any CPU
		{765D1397-4B64-4D90-91D4-2BD067276C78}.Release|Any CPU.ActiveCfg = Release|Any CPU
		{765D1397-4B64-4D90-91D4-2BD067276C78}.Release|Any CPU.Build.0 = Release|Any CPU
	EndGlobalSection
	GlobalSection(SolutionProperties) = preSolution
		HideSolutionNode = FALSE
	EndGlobalSection
	GlobalSection(ExtensibilityGlobals) = postSolution
		SolutionGuid = {B5964FDC-0702-4876-8B5A-064076E1E78B}
	EndGlobalSection
EndGlobal
